
Microsoft Visual Studio Solution File, Format Version 12.00
# Visual Studio 2012
VisualStudioVersion = 12.0.31101.0
MinimumVisualStudioVersion = 10.0.40219.1
Project("{FAE04EC0-301F-11D3-BF4B-00C04F79EFBC}") = "RoadRunnerNew.iOS", "RoadRunnerNew.iOS\RoadRunnerNew.iOS.csproj", "{4DE3A233-8371-4E17-B9D6-BB9C7671A83D}"
EndProject
Project("{FAE04EC0-301F-11D3-BF4B-00C04F79EFBC}") = "RoadRunner.TestConsole", "RoadRunner.TestConsole\RoadRunner.TestConsole.csproj", "{960EB216-C140-47A5-87B9-5543750D3B4F}"
EndProject
Project("{FAE04EC0-301F-11D3-BF4B-00C04F79EFBC}") = "RoadRunner.Android", "RoadRunner.Android\RoadRunner.Android.csproj", "{46395EDB-C964-4A9D-AE37-A534F9EE0BB8}"
EndProject
Project("{FAE04EC0-301F-11D3-BF4B-00C04F79EFBC}") = "Bind.Portable", "Bind.Portable\Bind.Portable.csproj", "{168D7B52-8A48-4295-9C48-3885EBDD8261}"
EndProject
Project("{FAE04EC0-301F-11D3-BF4B-00C04F79EFBC}") = "RoadRunner.Shared", "RoadRunner.Shared\RoadRunner.Shared.csproj", "{CC7D4DFF-2433-405C-B443-9C8DA93D51E8}"
EndProject
Global
	GlobalSection(SolutionConfigurationPlatforms) = preSolution
		Ad-Hoc|Any CPU = Ad-Hoc|Any CPU
		Ad-Hoc|iPhone = Ad-Hoc|iPhone
		Ad-Hoc|iPhoneSimulator = Ad-Hoc|iPhoneSimulator
		Ad-Hoc|Mixed Platforms = Ad-Hoc|Mixed Platforms
		AppStore|Any CPU = AppStore|Any CPU
		AppStore|iPhone = AppStore|iPhone
		AppStore|iPhoneSimulator = AppStore|iPhoneSimulator
		AppStore|Mixed Platforms = AppStore|Mixed Platforms
		Debug|Any CPU = Debug|Any CPU
		Debug|iPhone = Debug|iPhone
		Debug|iPhoneSimulator = Debug|iPhoneSimulator
		Debug|Mixed Platforms = Debug|Mixed Platforms
		Release|Any CPU = Release|Any CPU
		Release|iPhone = Release|iPhone
		Release|iPhoneSimulator = Release|iPhoneSimulator
		Release|Mixed Platforms = Release|Mixed Platforms
	EndGlobalSection
	GlobalSection(ProjectConfigurationPlatforms) = postSolution
		{168D7B52-8A48-4295-9C48-3885EBDD8261}.Ad-Hoc|Any CPU.ActiveCfg = Debug|Any CPU
		{168D7B52-8A48-4295-9C48-3885EBDD8261}.Ad-Hoc|Any CPU.Build.0 = Debug|Any CPU
		{168D7B52-8A48-4295-9C48-3885EBDD8261}.Ad-Hoc|iPhone.ActiveCfg = Release|Any CPU
		{168D7B52-8A48-4295-9C48-3885EBDD8261}.Ad-Hoc|iPhone.Build.0 = Release|Any CPU
		{168D7B52-8A48-4295-9C48-3885EBDD8261}.Ad-Hoc|iPhoneSimulator.ActiveCfg = Debug|Any CPU
		{168D7B52-8A48-4295-9C48-3885EBDD8261}.Ad-Hoc|iPhoneSimulator.Build.0 = Debug|Any CPU
		{168D7B52-8A48-4295-9C48-3885EBDD8261}.Ad-Hoc|Mixed Platforms.ActiveCfg = Release|Any CPU
		{168D7B52-8A48-4295-9C48-3885EBDD8261}.Ad-Hoc|Mixed Platforms.Build.0 = Release|Any CPU
		{168D7B52-8A48-4295-9C48-3885EBDD8261}.AppStore|Any CPU.ActiveCfg = Debug|Any CPU
		{168D7B52-8A48-4295-9C48-3885EBDD8261}.AppStore|Any CPU.Build.0 = Debug|Any CPU
		{168D7B52-8A48-4295-9C48-3885EBDD8261}.AppStore|iPhone.ActiveCfg = Release|Any CPU
		{168D7B52-8A48-4295-9C48-3885EBDD8261}.AppStore|iPhone.Build.0 = Release|Any CPU
		{168D7B52-8A48-4295-9C48-3885EBDD8261}.AppStore|iPhoneSimulator.ActiveCfg = Debug|Any CPU
		{168D7B52-8A48-4295-9C48-3885EBDD8261}.AppStore|iPhoneSimulator.Build.0 = Debug|Any CPU
		{168D7B52-8A48-4295-9C48-3885EBDD8261}.AppStore|Mixed Platforms.ActiveCfg = Release|Any CPU
		{168D7B52-8A48-4295-9C48-3885EBDD8261}.AppStore|Mixed Platforms.Build.0 = Release|Any CPU
		{168D7B52-8A48-4295-9C48-3885EBDD8261}.Debug|Any CPU.ActiveCfg = Debug|Any CPU
		{168D7B52-8A48-4295-9C48-3885EBDD8261}.Debug|Any CPU.Build.0 = Debug|Any CPU
		{168D7B52-8A48-4295-9C48-3885EBDD8261}.Debug|iPhone.ActiveCfg = Debug|Any CPU
		{168D7B52-8A48-4295-9C48-3885EBDD8261}.Debug|iPhone.Build.0 = Debug|Any CPU
		{168D7B52-8A48-4295-9C48-3885EBDD8261}.Debug|iPhoneSimulator.ActiveCfg = Debug|Any CPU
		{168D7B52-8A48-4295-9C48-3885EBDD8261}.Debug|iPhoneSimulator.Build.0 = Debug|Any CPU
		{168D7B52-8A48-4295-9C48-3885EBDD8261}.Debug|Mixed Platforms.ActiveCfg = Debug|Any CPU
		{168D7B52-8A48-4295-9C48-3885EBDD8261}.Debug|Mixed Platforms.Build.0 = Debug|Any CPU
		{168D7B52-8A48-4295-9C48-3885EBDD8261}.Release|Any CPU.ActiveCfg = Release|Any CPU
		{168D7B52-8A48-4295-9C48-3885EBDD8261}.Release|Any CPU.Build.0 = Release|Any CPU
		{168D7B52-8A48-4295-9C48-3885EBDD8261}.Release|iPhone.ActiveCfg = Release|Any CPU
		{168D7B52-8A48-4295-9C48-3885EBDD8261}.Release|iPhone.Build.0 = Release|Any CPU
		{168D7B52-8A48-4295-9C48-3885EBDD8261}.Release|iPhoneSimulator.ActiveCfg = Release|Any CPU
		{168D7B52-8A48-4295-9C48-3885EBDD8261}.Release|iPhoneSimulator.Build.0 = Release|Any CPU
		{168D7B52-8A48-4295-9C48-3885EBDD8261}.Release|Mixed Platforms.ActiveCfg = Release|Any CPU
		{168D7B52-8A48-4295-9C48-3885EBDD8261}.Release|Mixed Platforms.Build.0 = Release|Any CPU
		{46395EDB-C964-4A9D-AE37-A534F9EE0BB8}.Ad-Hoc|Any CPU.ActiveCfg = Debug|Any CPU
		{46395EDB-C964-4A9D-AE37-A534F9EE0BB8}.Ad-Hoc|Any CPU.Build.0 = Debug|Any CPU
		{46395EDB-C964-4A9D-AE37-A534F9EE0BB8}.Ad-Hoc|iPhone.ActiveCfg = Release|Any CPU
		{46395EDB-C964-4A9D-AE37-A534F9EE0BB8}.Ad-Hoc|iPhone.Build.0 = Release|Any CPU
		{46395EDB-C964-4A9D-AE37-A534F9EE0BB8}.Ad-Hoc|iPhoneSimulator.ActiveCfg = Debug|Any CPU
		{46395EDB-C964-4A9D-AE37-A534F9EE0BB8}.Ad-Hoc|iPhoneSimulator.Build.0 = Debug|Any CPU
		{46395EDB-C964-4A9D-AE37-A534F9EE0BB8}.Ad-Hoc|Mixed Platforms.ActiveCfg = Release|Any CPU
		{46395EDB-C964-4A9D-AE37-A534F9EE0BB8}.Ad-Hoc|Mixed Platforms.Build.0 = Release|Any CPU
		{46395EDB-C964-4A9D-AE37-A534F9EE0BB8}.AppStore|Any CPU.ActiveCfg = Debug|Any CPU
		{46395EDB-C964-4A9D-AE37-A534F9EE0BB8}.AppStore|Any CPU.Build.0 = Debug|Any CPU
		{46395EDB-C964-4A9D-AE37-A534F9EE0BB8}.AppStore|iPhone.ActiveCfg = Release|Any CPU
		{46395EDB-C964-4A9D-AE37-A534F9EE0BB8}.AppStore|iPhone.Build.0 = Release|Any CPU
		{46395EDB-C964-4A9D-AE37-A534F9EE0BB8}.AppStore|iPhoneSimulator.ActiveCfg = Debug|Any CPU
		{46395EDB-C964-4A9D-AE37-A534F9EE0BB8}.AppStore|iPhoneSimulator.Build.0 = Debug|Any CPU
		{46395EDB-C964-4A9D-AE37-A534F9EE0BB8}.AppStore|Mixed Platforms.ActiveCfg = Release|Any CPU
		{46395EDB-C964-4A9D-AE37-A534F9EE0BB8}.AppStore|Mixed Platforms.Build.0 = Release|Any CPU
		{46395EDB-C964-4A9D-AE37-A534F9EE0BB8}.Debug|Any CPU.ActiveCfg = Debug|Any CPU
		{46395EDB-C964-4A9D-AE37-A534F9EE0BB8}.Debug|Any CPU.Build.0 = Debug|Any CPU
		{46395EDB-C964-4A9D-AE37-A534F9EE0BB8}.Debug|iPhone.ActiveCfg = Debug|Any CPU
		{46395EDB-C964-4A9D-AE37-A534F9EE0BB8}.Debug|iPhone.Build.0 = Debug|Any CPU
		{46395EDB-C964-4A9D-AE37-A534F9EE0BB8}.Debug|iPhoneSimulator.ActiveCfg = Debug|Any CPU
		{46395EDB-C964-4A9D-AE37-A534F9EE0BB8}.Debug|iPhoneSimulator.Build.0 = Debug|Any CPU
		{46395EDB-C964-4A9D-AE37-A534F9EE0BB8}.Debug|Mixed Platforms.ActiveCfg = Debug|Any CPU
		{46395EDB-C964-4A9D-AE37-A534F9EE0BB8}.Debug|Mixed Platforms.Build.0 = Debug|Any CPU
		{46395EDB-C964-4A9D-AE37-A534F9EE0BB8}.Release|Any CPU.ActiveCfg = Release|Any CPU
		{46395EDB-C964-4A9D-AE37-A534F9EE0BB8}.Release|Any CPU.Build.0 = Release|Any CPU
		{46395EDB-C964-4A9D-AE37-A534F9EE0BB8}.Release|iPhone.ActiveCfg = Release|Any CPU
		{46395EDB-C964-4A9D-AE37-A534F9EE0BB8}.Release|iPhone.Build.0 = Release|Any CPU
		{46395EDB-C964-4A9D-AE37-A534F9EE0BB8}.Release|iPhoneSimulator.ActiveCfg = Release|Any CPU
		{46395EDB-C964-4A9D-AE37-A534F9EE0BB8}.Release|iPhoneSimulator.Build.0 = Release|Any CPU
		{46395EDB-C964-4A9D-AE37-A534F9EE0BB8}.Release|Mixed Platforms.ActiveCfg = Release|Any CPU
		{46395EDB-C964-4A9D-AE37-A534F9EE0BB8}.Release|Mixed Platforms.Build.0 = Release|Any CPU
		{4DE3A233-8371-4E17-B9D6-BB9C7671A83D}.Ad-Hoc|Any CPU.ActiveCfg = Ad-Hoc|iPhoneSimulator
		{4DE3A233-8371-4E17-B9D6-BB9C7671A83D}.Ad-Hoc|iPhone.ActiveCfg = Ad-Hoc|iPhone
		{4DE3A233-8371-4E17-B9D6-BB9C7671A83D}.Ad-Hoc|iPhone.Build.0 = Ad-Hoc|iPhone
		{4DE3A233-8371-4E17-B9D6-BB9C7671A83D}.Ad-Hoc|iPhoneSimulator.ActiveCfg = Ad-Hoc|iPhoneSimulator
		{4DE3A233-8371-4E17-B9D6-BB9C7671A83D}.Ad-Hoc|iPhoneSimulator.Build.0 = Ad-Hoc|iPhoneSimulator
		{4DE3A233-8371-4E17-B9D6-BB9C7671A83D}.Ad-Hoc|Mixed Platforms.ActiveCfg = Ad-Hoc|iPhone
		{4DE3A233-8371-4E17-B9D6-BB9C7671A83D}.Ad-Hoc|Mixed Platforms.Build.0 = Ad-Hoc|iPhone
		{4DE3A233-8371-4E17-B9D6-BB9C7671A83D}.AppStore|Any CPU.ActiveCfg = AppStore|iPhoneSimulator
		{4DE3A233-8371-4E17-B9D6-BB9C7671A83D}.AppStore|iPhone.ActiveCfg = AppStore|iPhone
		{4DE3A233-8371-4E17-B9D6-BB9C7671A83D}.AppStore|iPhone.Build.0 = AppStore|iPhone
		{4DE3A233-8371-4E17-B9D6-BB9C7671A83D}.AppStore|iPhoneSimulator.ActiveCfg = AppStore|iPhoneSimulator
		{4DE3A233-8371-4E17-B9D6-BB9C7671A83D}.AppStore|iPhoneSimulator.Build.0 = AppStore|iPhoneSimulator
		{4DE3A233-8371-4E17-B9D6-BB9C7671A83D}.AppStore|Mixed Platforms.ActiveCfg = AppStore|iPhone
		{4DE3A233-8371-4E17-B9D6-BB9C7671A83D}.AppStore|Mixed Platforms.Build.0 = AppStore|iPhone
		{4DE3A233-8371-4E17-B9D6-BB9C7671A83D}.Debug|Any CPU.ActiveCfg = Debug|iPhoneSimulator
		{4DE3A233-8371-4E17-B9D6-BB9C7671A83D}.Debug|iPhone.ActiveCfg = Debug|iPhone
		{4DE3A233-8371-4E17-B9D6-BB9C7671A83D}.Debug|iPhone.Build.0 = Debug|iPhone
		{4DE3A233-8371-4E17-B9D6-BB9C7671A83D}.Debug|iPhoneSimulator.ActiveCfg = Debug|iPhoneSimulator
		{4DE3A233-8371-4E17-B9D6-BB9C7671A83D}.Debug|iPhoneSimulator.Build.0 = Debug|iPhoneSimulator
		{4DE3A233-8371-4E17-B9D6-BB9C7671A83D}.Debug|Mixed Platforms.ActiveCfg = Debug|iPhone
		{4DE3A233-8371-4E17-B9D6-BB9C7671A83D}.Debug|Mixed Platforms.Build.0 = Debug|iPhone
		{4DE3A233-8371-4E17-B9D6-BB9C7671A83D}.Release|Any CPU.ActiveCfg = Release|iPhoneSimulator
		{4DE3A233-8371-4E17-B9D6-BB9C7671A83D}.Release|iPhone.ActiveCfg = Release|iPhone
		{4DE3A233-8371-4E17-B9D6-BB9C7671A83D}.Release|iPhone.Build.0 = Release|iPhone
		{4DE3A233-8371-4E17-B9D6-BB9C7671A83D}.Release|iPhoneSimulator.ActiveCfg = Release|iPhoneSimulator
		{4DE3A233-8371-4E17-B9D6-BB9C7671A83D}.Release|iPhoneSimulator.Build.0 = Release|iPhoneSimulator
		{4DE3A233-8371-4E17-B9D6-BB9C7671A83D}.Release|Mixed Platforms.ActiveCfg = Release|iPhone
		{4DE3A233-8371-4E17-B9D6-BB9C7671A83D}.Release|Mixed Platforms.Build.0 = Release|iPhone
		{960EB216-C140-47A5-87B9-5543750D3B4F}.Ad-Hoc|Any CPU.ActiveCfg = Debug|iPhoneSimulator
		{960EB216-C140-47A5-87B9-5543750D3B4F}.Ad-Hoc|Any CPU.Build.0 = Debug|iPhoneSimulator
		{960EB216-C140-47A5-87B9-5543750D3B4F}.Ad-Hoc|iPhone.ActiveCfg = Debug|iPhoneSimulator
		{960EB216-C140-47A5-87B9-5543750D3B4F}.Ad-Hoc|iPhone.Build.0 = Debug|iPhoneSimulator
		{960EB216-C140-47A5-87B9-5543750D3B4F}.Ad-Hoc|iPhoneSimulator.ActiveCfg = Debug|iPhoneSimulator
		{960EB216-C140-47A5-87B9-5543750D3B4F}.Ad-Hoc|iPhoneSimulator.Build.0 = Debug|iPhoneSimulator
		{960EB216-C140-47A5-87B9-5543750D3B4F}.Ad-Hoc|Mixed Platforms.ActiveCfg = Debug|iPhoneSimulator
		{960EB216-C140-47A5-87B9-5543750D3B4F}.Ad-Hoc|Mixed Platforms.Build.0 = Debug|iPhoneSimulator
		{960EB216-C140-47A5-87B9-5543750D3B4F}.AppStore|Any CPU.ActiveCfg = Debug|iPhoneSimulator
		{960EB216-C140-47A5-87B9-5543750D3B4F}.AppStore|Any CPU.Build.0 = Debug|iPhoneSimulator
		{960EB216-C140-47A5-87B9-5543750D3B4F}.AppStore|iPhone.ActiveCfg = Debug|iPhoneSimulator
		{960EB216-C140-47A5-87B9-5543750D3B4F}.AppStore|iPhone.Build.0 = Debug|iPhoneSimulator
		{960EB216-C140-47A5-87B9-5543750D3B4F}.AppStore|iPhoneSimulator.ActiveCfg = Debug|iPhoneSimulator
		{960EB216-C140-47A5-87B9-5543750D3B4F}.AppStore|iPhoneSimulator.Build.0 = Debug|iPhoneSimulator
		{960EB216-C140-47A5-87B9-5543750D3B4F}.AppStore|Mixed Platforms.ActiveCfg = Debug|iPhoneSimulator
		{960EB216-C140-47A5-87B9-5543750D3B4F}.AppStore|Mixed Platforms.Build.0 = Debug|iPhoneSimulator
		{960EB216-C140-47A5-87B9-5543750D3B4F}.Debug|Any CPU.ActiveCfg = Debug|iPhoneSimulator
		{960EB216-C140-47A5-87B9-5543750D3B4F}.Debug|Any CPU.Build.0 = Debug|iPhoneSimulator
		{960EB216-C140-47A5-87B9-5543750D3B4F}.Debug|iPhone.ActiveCfg = Debug|iPhoneSimulator
		{960EB216-C140-47A5-87B9-5543750D3B4F}.Debug|iPhone.Build.0 = Debug|iPhoneSimulator
		{960EB216-C140-47A5-87B9-5543750D3B4F}.Debug|iPhoneSimulator.ActiveCfg = Debug|iPhoneSimulator
		{960EB216-C140-47A5-87B9-5543750D3B4F}.Debug|iPhoneSimulator.Build.0 = Debug|iPhoneSimulator
		{960EB216-C140-47A5-87B9-5543750D3B4F}.Debug|Mixed Platforms.ActiveCfg = Debug|iPhoneSimulator
		{960EB216-C140-47A5-87B9-5543750D3B4F}.Debug|Mixed Platforms.Build.0 = Debug|iPhoneSimulator
		{960EB216-C140-47A5-87B9-5543750D3B4F}.Release|Any CPU.ActiveCfg = Release|iPhoneSimulator
		{960EB216-C140-47A5-87B9-5543750D3B4F}.Release|Any CPU.Build.0 = Release|iPhoneSimulator
		{960EB216-C140-47A5-87B9-5543750D3B4F}.Release|iPhone.ActiveCfg = Release|iPhoneSimulator
		{960EB216-C140-47A5-87B9-5543750D3B4F}.Release|iPhone.Build.0 = Release|iPhoneSimulator
		{960EB216-C140-47A5-87B9-5543750D3B4F}.Release|iPhoneSimulator.ActiveCfg = Release|iPhoneSimulator
		{960EB216-C140-47A5-87B9-5543750D3B4F}.Release|iPhoneSimulator.Build.0 = Release|iPhoneSimulator
		{960EB216-C140-47A5-87B9-5543750D3B4F}.Release|Mixed Platforms.ActiveCfg = Release|iPhoneSimulator
		{960EB216-C140-47A5-87B9-5543750D3B4F}.Release|Mixed Platforms.Build.0 = Release|iPhoneSimulator
		{CC7D4DFF-2433-405C-B443-9C8DA93D51E8}.Ad-Hoc|Any CPU.ActiveCfg = Release|Any CPU
		{CC7D4DFF-2433-405C-B443-9C8DA93D51E8}.Ad-Hoc|Any CPU.Build.0 = Release|Any CPU
		{CC7D4DFF-2433-405C-B443-9C8DA93D51E8}.Ad-Hoc|iPhone.ActiveCfg = Release|Any CPU
		{CC7D4DFF-2433-405C-B443-9C8DA93D51E8}.Ad-Hoc|iPhone.Build.0 = Release|Any CPU
		{CC7D4DFF-2433-405C-B443-9C8DA93D51E8}.Ad-Hoc|iPhoneSimulator.ActiveCfg = Release|Any CPU
		{CC7D4DFF-2433-405C-B443-9C8DA93D51E8}.Ad-Hoc|iPhoneSimulator.Build.0 = Release|Any CPU
		{CC7D4DFF-2433-405C-B443-9C8DA93D51E8}.Ad-Hoc|Mixed Platforms.ActiveCfg = Release|Any CPU
		{CC7D4DFF-2433-405C-B443-9C8DA93D51E8}.Ad-Hoc|Mixed Platforms.Build.0 = Release|Any CPU
		{CC7D4DFF-2433-405C-B443-9C8DA93D51E8}.AppStore|Any CPU.ActiveCfg = Release|Any CPU
		{CC7D4DFF-2433-405C-B443-9C8DA93D51E8}.AppStore|Any CPU.Build.0 = Release|Any CPU
		{CC7D4DFF-2433-405C-B443-9C8DA93D51E8}.AppStore|iPhone.ActiveCfg = Release|Any CPU
		{CC7D4DFF-2433-405C-B443-9C8DA93D51E8}.AppStore|iPhone.Build.0 = Release|Any CPU
		{CC7D4DFF-2433-405C-B443-9C8DA93D51E8}.AppStore|iPhoneSimulator.ActiveCfg = Release|Any CPU
		{CC7D4DFF-2433-405C-B443-9C8DA93D51E8}.AppStore|iPhoneSimulator.Build.0 = Release|Any CPU
		{CC7D4DFF-2433-405C-B443-9C8DA93D51E8}.AppStore|Mixed Platforms.ActiveCfg = Release|Any CPU
		{CC7D4DFF-2433-405C-B443-9C8DA93D51E8}.AppStore|Mixed Platforms.Build.0 = Release|Any CPU
		{CC7D4DFF-2433-405C-B443-9C8DA93D51E8}.Debug|Any CPU.ActiveCfg = Debug|Any CPU
		{CC7D4DFF-2433-405C-B443-9C8DA93D51E8}.Debug|Any CPU.Build.0 = Debug|Any CPU
		{CC7D4DFF-2433-405C-B443-9C8DA93D51E8}.Debug|iPhone.ActiveCfg = Debug|Any CPU
		{CC7D4DFF-2433-405C-B443-9C8DA93D51E8}.Debug|iPhone.Build.0 = Debug|Any CPU
		{CC7D4DFF-2433-405C-B443-9C8DA93D51E8}.Debug|iPhoneSimulator.ActiveCfg = Debug|Any CPU
		{CC7D4DFF-2433-405C-B443-9C8DA93D51E8}.Debug|iPhoneSimulator.Build.0 = Debug|Any CPU
		{CC7D4DFF-2433-405C-B443-9C8DA93D51E8}.Debug|Mixed Platforms.ActiveCfg = Debug|Any CPU
		{CC7D4DFF-2433-405C-B443-9C8DA93D51E8}.Debug|Mixed Platforms.Build.0 = Debug|Any CPU
		{CC7D4DFF-2433-405C-B443-9C8DA93D51E8}.Release|Any CPU.ActiveCfg = Release|Any CPU
		{CC7D4DFF-2433-405C-B443-9C8DA93D51E8}.Release|Any CPU.Build.0 = Release|Any CPU
		{CC7D4DFF-2433-405C-B443-9C8DA93D51E8}.Release|iPhone.ActiveCfg = Release|Any CPU
		{CC7D4DFF-2433-405C-B443-9C8DA93D51E8}.Release|iPhone.Build.0 = Release|Any CPU
		{CC7D4DFF-2433-405C-B443-9C8DA93D51E8}.Release|iPhoneSimulator.ActiveCfg = Release|Any CPU
		{CC7D4DFF-2433-405C-B443-9C8DA93D51E8}.Release|iPhoneSimulator.Build.0 = Release|Any CPU
		{CC7D4DFF-2433-405C-B443-9C8DA93D51E8}.Release|Mixed Platforms.ActiveCfg = Release|Any CPU
		{CC7D4DFF-2433-405C-B443-9C8DA93D51E8}.Release|Mixed Platforms.Build.0 = Release|Any CPU
	EndGlobalSection
	GlobalSection(SolutionProperties) = preSolution
		HideSolutionNode = FALSE
	EndGlobalSection
EndGlobal
