
Microsoft Visual Studio Solution File, Format Version 11.00
# Visual Studio 2010
Project("{FAE04EC0-301F-11D3-BF4B-00C04F79EFBC}") = "RoadRunnerNew.iOS", "RoadRunnerNew.iOS.csproj", "{4DE3A233-8371-4E17-B9D6-BB9C7671A83D}"
EndProject
Global
	GlobalSection(SolutionConfigurationPlatforms) = preSolution
		Debug|iPhoneSimulator = Debug|iPhoneSimulator
		Release|iPhoneSimulator = Release|iPhoneSimulator
		Debug|iPhone = Debug|iPhone
		Release|iPhone = Release|iPhone
		Ad-Hoc|iPhone = Ad-Hoc|iPhone
		AppStore|iPhone = AppStore|iPhone
		Ad-Hoc|iPhoneSimulator = Ad-Hoc|iPhoneSimulator
		AppStore|iPhoneSimulator = AppStore|iPhoneSimulator
	EndGlobalSection
	GlobalSection(ProjectConfigurationPlatforms) = postSolution
		{4DE3A233-8371-4E17-B9D6-BB9C7671A83D}.Ad-Hoc|iPhone.ActiveCfg = Ad-Hoc|iPhone
		{4DE3A233-8371-4E17-B9D6-BB9C7671A83D}.Ad-Hoc|iPhone.Build.0 = Ad-Hoc|iPhone
		{4DE3A233-8371-4E17-B9D6-BB9C7671A83D}.Ad-Hoc|iPhoneSimulator.ActiveCfg = Ad-Hoc|iPhoneSimulator
		{4DE3A233-8371-4E17-B9D6-BB9C7671A83D}.Ad-Hoc|iPhoneSimulator.Build.0 = Ad-Hoc|iPhoneSimulator
		{4DE3A233-8371-4E17-B9D6-BB9C7671A83D}.AppStore|iPhone.ActiveCfg = AppStore|iPhone
		{4DE3A233-8371-4E17-B9D6-BB9C7671A83D}.AppStore|iPhone.Build.0 = AppStore|iPhone
		{4DE3A233-8371-4E17-B9D6-BB9C7671A83D}.AppStore|iPhoneSimulator.ActiveCfg = AppStore|iPhoneSimulator
		{4DE3A233-8371-4E17-B9D6-BB9C7671A83D}.AppStore|iPhoneSimulator.Build.0 = AppStore|iPhoneSimulator
		{4DE3A233-8371-4E17-B9D6-BB9C7671A83D}.Debug|iPhone.ActiveCfg = Debug|iPhone
		{4DE3A233-8371-4E17-B9D6-BB9C7671A83D}.Debug|iPhone.Build.0 = Debug|iPhone
		{4DE3A233-8371-4E17-B9D6-BB9C7671A83D}.Debug|iPhoneSimulator.ActiveCfg = Debug|iPhoneSimulator
		{4DE3A233-8371-4E17-B9D6-BB9C7671A83D}.Debug|iPhoneSimulator.Build.0 = Debug|iPhoneSimulator
		{4DE3A233-8371-4E17-B9D6-BB9C7671A83D}.Release|iPhone.ActiveCfg = Release|iPhone
		{4DE3A233-8371-4E17-B9D6-BB9C7671A83D}.Release|iPhone.Build.0 = Release|iPhone
		{4DE3A233-8371-4E17-B9D6-BB9C7671A83D}.Release|iPhoneSimulator.ActiveCfg = Release|iPhoneSimulator
		{4DE3A233-8371-4E17-B9D6-BB9C7671A83D}.Release|iPhoneSimulator.Build.0 = Release|iPhoneSimulator
	EndGlobalSection
EndGlobal
